// !$*UTF8*$!
{
	archiveVersion = 1;
	classes = {
	};
	objectVersion = 46;
	objects = {

/* Begin PBXBuildFile section */
		E4936B9C138E2D72009F732A /* UIKit.framework in Frameworks */ = {isa = PBXBuildFile; fileRef = E4936B9B138E2D72009F732A /* UIKit.framework */; };
		E4936B9E138E2D72009F732A /* Foundation.framework in Frameworks */ = {isa = PBXBuildFile; fileRef = E4936B9D138E2D72009F732A /* Foundation.framework */; };
		E4936BA0138E2D72009F732A /* CoreGraphics.framework in Frameworks */ = {isa = PBXBuildFile; fileRef = E4936B9F138E2D72009F732A /* CoreGraphics.framework */; };
		E4936BA6138E2D72009F732A /* InfoPlist.strings in Resources */ = {isa = PBXBuildFile; fileRef = E4936BA4138E2D72009F732A /* InfoPlist.strings */; };
		E4936BA9138E2D72009F732A /* main.m in Sources */ = {isa = PBXBuildFile; fileRef = E4936BA8138E2D72009F732A /* main.m */; };
		E4936BAC138E2D72009F732A /* gamemakiAppDelegate.m in Sources */ = {isa = PBXBuildFile; fileRef = E4936BAB138E2D72009F732A /* gamemakiAppDelegate.m */; };
		E4936BAF138E2D72009F732A /* MainWindow.xib in Resources */ = {isa = PBXBuildFile; fileRef = E4936BAD138E2D72009F732A /* MainWindow.xib */; };
/* End PBXBuildFile section */

/* Begin PBXFileReference section */
		E4936B97138E2D71009F732A /* gamemaki.app */ = {isa = PBXFileReference; explicitFileType = wrapper.application; includeInIndex = 0; path = gamemaki.app; sourceTree = BUILT_PRODUCTS_DIR; };
		E4936B9B138E2D72009F732A /* UIKit.framework */ = {isa = PBXFileReference; lastKnownFileType = wrapper.framework; name = UIKit.framework; path = System/Library/Frameworks/UIKit.framework; sourceTree = SDKROOT; };
		E4936B9D138E2D72009F732A /* Foundation.framework */ = {isa = PBXFileReference; lastKnownFileType = wrapper.framework; name = Foundation.framework; path = System/Library/Frameworks/Foundation.framework; sourceTree = SDKROOT; };
		E4936B9F138E2D72009F732A /* CoreGraphics.framework */ = {isa = PBXFileReference; lastKnownFileType = wrapper.framework; name = CoreGraphics.framework; path = System/Library/Frameworks/CoreGraphics.framework; sourceTree = SDKROOT; };
		E4936BA3138E2D72009F732A /* gamemaki-Info.plist */ = {isa = PBXFileReference; lastKnownFileType = text.plist.xml; path = "gamemaki-Info.plist"; sourceTree = "<group>"; };
		E4936BA5138E2D72009F732A /* en */ = {isa = PBXFileReference; lastKnownFileType = text.plist.strings; name = en; path = en.lproj/InfoPlist.strings; sourceTree = "<group>"; };
		E4936BA7138E2D72009F732A /* gamemaki-Prefix.pch */ = {isa = PBXFileReference; lastKnownFileType = sourcecode.c.h; path = "gamemaki-Prefix.pch"; sourceTree = "<group>"; };
		E4936BA8138E2D72009F732A /* main.m */ = {isa = PBXFileReference; lastKnownFileType = sourcecode.c.objc; path = main.m; sourceTree = "<group>"; };
		E4936BAA138E2D72009F732A /* gamemakiAppDelegate.h */ = {isa = PBXFileReference; lastKnownFileType = sourcecode.c.h; path = gamemakiAppDelegate.h; sourceTree = "<group>"; };
		E4936BAB138E2D72009F732A /* gamemakiAppDelegate.m */ = {isa = PBXFileReference; lastKnownFileType = sourcecode.c.objc; path = gamemakiAppDelegate.m; sourceTree = "<group>"; };
		E4936BAE138E2D72009F732A /* en */ = {isa = PBXFileReference; lastKnownFileType = file.xib; name = en; path = en.lproj/MainWindow.xib; sourceTree = "<group>"; };
/* End PBXFileReference section */

/* Begin PBXFrameworksBuildPhase section */
		E4936B94138E2D71009F732A /* Frameworks */ = {
			isa = PBXFrameworksBuildPhase;
			buildActionMask = 2147483647;
			files = (
				E4936B9C138E2D72009F732A /* UIKit.framework in Frameworks */,
				E4936B9E138E2D72009F732A /* Foundation.framework in Frameworks */,
				E4936BA0138E2D72009F732A /* CoreGraphics.framework in Frameworks */,
			);
			runOnlyForDeploymentPostprocessing = 0;
		};
/* End PBXFrameworksBuildPhase section */

/* Begin PBXGroup section */
		E4936B8C138E2D71009F732A = {
			isa = PBXGroup;
			children = (
				E4936BA1138E2D72009F732A /* gamemaki */,
				E4936B9A138E2D72009F732A /* Frameworks */,
				E4936B98138E2D71009F732A /* Products */,
			);
			sourceTree = "<group>";
		};
		E4936B98138E2D71009F732A /* Products */ = {
			isa = PBXGroup;
			children = (
				E4936B97138E2D71009F732A /* gamemaki.app */,
			);
			name = Products;
			sourceTree = "<group>";
		};
		E4936B9A138E2D72009F732A /* Frameworks */ = {
			isa = PBXGroup;
			children = (
				E4936B9B138E2D72009F732A /* UIKit.framework */,
				E4936B9D138E2D72009F732A /* Foundation.framework */,
				E4936B9F138E2D72009F732A /* CoreGraphics.framework */,
			);
			name = Frameworks;
			sourceTree = "<group>";
		};
		E4936BA1138E2D72009F732A /* gamemaki */ = {
			isa = PBXGroup;
			children = (
				E4936BAA138E2D72009F732A /* gamemakiAppDelegate.h */,
				E4936BAB138E2D72009F732A /* gamemakiAppDelegate.m */,
				E4936BAD138E2D72009F732A /* MainWindow.xib */,
				E4936BA2138E2D72009F732A /* Supporting Files */,
			);
			path = gamemaki;
			sourceTree = "<group>";
		};
		E4936BA2138E2D72009F732A /* Supporting Files */ = {
			isa = PBXGroup;
			children = (
				E4936BA3138E2D72009F732A /* gamemaki-Info.plist */,
				E4936BA4138E2D72009F732A /* InfoPlist.strings */,
				E4936BA7138E2D72009F732A /* gamemaki-Prefix.pch */,
				E4936BA8138E2D72009F732A /* main.m */,
			);
			name = "Supporting Files";
			sourceTree = "<group>";
		};
/* End PBXGroup section */

/* Begin PBXNativeTarget section */
		E4936B96138E2D71009F732A /* gamemaki */ = {
			isa = PBXNativeTarget;
			buildConfigurationList = E4936BB2138E2D72009F732A /* Build configuration list for PBXNativeTarget "gamemaki" */;
			buildPhases = (
				E4936B93138E2D71009F732A /* Sources */,
				E4936B94138E2D71009F732A /* Frameworks */,
				E4936B95138E2D71009F732A /* Resources */,
			);
			buildRules = (
			);
			dependencies = (
			);
			name = gamemaki;
			productName = gamemaki;
			productReference = E4936B97138E2D71009F732A /* gamemaki.app */;
			productType = "com.apple.product-type.application";
		};
/* End PBXNativeTarget section */

/* Begin PBXProject section */
		E4936B8E138E2D71009F732A /* Project object */ = {
			isa = PBXProject;
			buildConfigurationList = E4936B91138E2D71009F732A /* Build configuration list for PBXProject "gamemaki" */;
			compatibilityVersion = "Xcode 3.2";
			developmentRegion = English;
			hasScannedForEncodings = 0;
			knownRegions = (
				en,
			);
			mainGroup = E4936B8C138E2D71009F732A;
			productRefGroup = E4936B98138E2D71009F732A /* Products */;
			projectDirPath = "";
			projectRoot = "";
			targets = (
				E4936B96138E2D71009F732A /* gamemaki */,
			);
		};
/* End PBXProject section */

/* Begin PBXResourcesBuildPhase section */
		E4936B95138E2D71009F732A /* Resources */ = {
			isa = PBXResourcesBuildPhase;
			buildActionMask = 2147483647;
			files = (
				E4936BA6138E2D72009F732A /* InfoPlist.strings in Resources */,
				E4936BAF138E2D72009F732A /* MainWindow.xib in Resources */,
			);
			runOnlyForDeploymentPostprocessing = 0;
		};
/* End PBXResourcesBuildPhase section */

/* Begin PBXSourcesBuildPhase section */
		E4936B93138E2D71009F732A /* Sources */ = {
			isa = PBXSourcesBuildPhase;
			buildActionMask = 2147483647;
			files = (
				E4936BA9138E2D72009F732A /* main.m in Sources */,
				E4936BAC138E2D72009F732A /* gamemakiAppDelegate.m in Sources */,
			);
			runOnlyForDeploymentPostprocessing = 0;
		};
/* End PBXSourcesBuildPhase section */

/* Begin PBXVariantGroup section */
		E4936BA4138E2D72009F732A /* InfoPlist.strings */ = {
			isa = PBXVariantGroup;
			children = (
				E4936BA5138E2D72009F732A /* en */,
			);
			name = InfoPlist.strings;
			sourceTree = "<group>";
		};
		E4936BAD138E2D72009F732A /* MainWindow.xib */ = {
			isa = PBXVariantGroup;
			children = (
				E4936BAE138E2D72009F732A /* en */,
			);
			name = MainWindow.xib;
			sourceTree = "<group>";
		};
/* End PBXVariantGroup section */

/* Begin XCBuildConfiguration section */
		E4936BB0138E2D72009F732A /* Debug */ = {
			isa = XCBuildConfiguration;
			buildSettings = {
				ARCHS = "$(ARCHS_STANDARD_32_BIT)";
				"CODE_SIGN_IDENTITY[sdk=iphoneos*]" = "iPhone Developer";
				GCC_C_LANGUAGE_STANDARD = gnu99;
				GCC_OPTIMIZATION_LEVEL = 0;
				GCC_PREPROCESSOR_DEFINITIONS = DEBUG;
				GCC_SYMBOLS_PRIVATE_EXTERN = NO;
				GCC_VERSION = com.apple.compilers.llvmgcc42;
				GCC_WARN_ABOUT_RETURN_TYPE = YES;
				GCC_WARN_UNUSED_VARIABLE = YES;
				IPHONEOS_DEPLOYMENT_TARGET = 4.3;
				SDKROOT = iphoneos;
			};
			name = Debug;
		};
		E4936BB1138E2D72009F732A /* Release */ = {
			isa = XCBuildConfiguration;
			buildSettings = {
				ARCHS = "$(ARCHS_STANDARD_32_BIT)";
				"CODE_SIGN_IDENTITY[sdk=iphoneos*]" = "iPhone Developer";
				GCC_C_LANGUAGE_STANDARD = gnu99;
				GCC_VERSION = com.apple.compilers.llvmgcc42;
				GCC_WARN_ABOUT_RETURN_TYPE = YES;
				GCC_WARN_UNUSED_VARIABLE = YES;
				IPHONEOS_DEPLOYMENT_TARGET = 4.3;
				OTHER_CFLAGS = "-DNS_BLOCK_ASSERTIONS=1";
				SDKROOT = iphoneos;
			};
			name = Release;
		};
		E4936BB3138E2D72009F732A /* Debug */ = {
			isa = XCBuildConfiguration;
			buildSettings = {
				ALWAYS_SEARCH_USER_PATHS = NO;
				COPY_PHASE_STRIP = NO;
				GCC_DYNAMIC_NO_PIC = NO;
				GCC_PRECOMPILE_PREFIX_HEADER = YES;
				GCC_PREFIX_HEADER = "gamemaki/gamemaki-Prefix.pch";
				INFOPLIST_FILE = "gamemaki/gamemaki-Info.plist";
				PRODUCT_NAME = "$(TARGET_NAME)";
				WRAPPER_EXTENSION = app;
			};
			name = Debug;
		};
		E4936BB4138E2D72009F732A /* Release */ = {
			isa = XCBuildConfiguration;
			buildSettings = {
				ALWAYS_SEARCH_USER_PATHS = NO;
				COPY_PHASE_STRIP = YES;
				GCC_PRECOMPILE_PREFIX_HEADER = YES;
				GCC_PREFIX_HEADER = "gamemaki/gamemaki-Prefix.pch";
				INFOPLIST_FILE = "gamemaki/gamemaki-Info.plist";
				PRODUCT_NAME = "$(TARGET_NAME)";
				VALIDATE_PRODUCT = YES;
				WRAPPER_EXTENSION = app;
			};
			name = Release;
		};
/* End XCBuildConfiguration section */

/* Begin XCConfigurationList section */
		E4936B91138E2D71009F732A /* Build configuration list for PBXProject "gamemaki" */ = {
			isa = XCConfigurationList;
			buildConfigurations = (
				E4936BB0138E2D72009F732A /* Debug */,
				E4936BB1138E2D72009F732A /* Release */,
			);
			defaultConfigurationIsVisible = 0;
			defaultConfigurationName = Release;
		};
		E4936BB2138E2D72009F732A /* Build configuration list for PBXNativeTarget "gamemaki" */ = {
			isa = XCConfigurationList;
			buildConfigurations = (
				E4936BB3138E2D72009F732A /* Debug */,
				E4936BB4138E2D72009F732A /* Release */,
			);
			defaultConfigurationIsVisible = 0;
		};
/* End XCConfigurationList section */
	};
	rootObject = E4936B8E138E2D71009F732A /* Project object */;
}
