// !$*UTF8*$!
{
	archiveVersion = 1;
	classes = {
	};
	objectVersion = 46;
	objects = {

/* Begin PBXBuildFile section */
		3201088596B4756681693705 /* libThree20UICommon.a in Frameworks */ = {isa = PBXBuildFile; fileRef = 3201088596B4756681693704 /* libThree20UICommon.a */; };
		320A2827FEC940B25BC42C65 /* libThree20Core.a in Frameworks */ = {isa = PBXBuildFile; fileRef = 320A2827FEC940B25BC42C64 /* libThree20Core.a */; };
		320A5A189C235877202780D5 /* libThree20Network.a in Frameworks */ = {isa = PBXBuildFile; fileRef = 320A5A189C235877202780D4 /* libThree20Network.a */; };
		320A737074758E53BA54BE95 /* libThree20UINavigator.a in Frameworks */ = {isa = PBXBuildFile; fileRef = 320A737074758E53BA54BE94 /* libThree20UINavigator.a */; };
		320AF8492C47A4D819F7C451 /* QuartzCore.framework in Frameworks */ = {isa = PBXBuildFile; fileRef = 320AF8492C47A4D819F7C450 /* QuartzCore.framework */; };
		320B6C86F11D9990244A9731 /* Three20.bundle in Resources */ = {isa = PBXBuildFile; fileRef = 320B6C86F11D9990244A9730 /* Three20.bundle */; };
		320CC833B8AF0ACFD35E6225 /* libThree20Style.a in Frameworks */ = {isa = PBXBuildFile; fileRef = 320CC833B8AF0ACFD35E6224 /* libThree20Style.a */; };
		320D7DCCE32703ACAB9A45E5 /* libThree20.a in Frameworks */ = {isa = PBXBuildFile; fileRef = 320D7DCCE32703ACAB9A45E4 /* libThree20.a */; };
		320F2C48872C2E2C4DF86205 /* libThree20UI.a in Frameworks */ = {isa = PBXBuildFile; fileRef = 320F2C48872C2E2C4DF86204 /* libThree20UI.a */; };
		E4936B9C138E2D72009F732A /* UIKit.framework in Frameworks */ = {isa = PBXBuildFile; fileRef = E4936B9B138E2D72009F732A /* UIKit.framework */; };
		E4936B9E138E2D72009F732A /* Foundation.framework in Frameworks */ = {isa = PBXBuildFile; fileRef = E4936B9D138E2D72009F732A /* Foundation.framework */; };
		E4936BA0138E2D72009F732A /* CoreGraphics.framework in Frameworks */ = {isa = PBXBuildFile; fileRef = E4936B9F138E2D72009F732A /* CoreGraphics.framework */; };
		E4936BA6138E2D72009F732A /* InfoPlist.strings in Resources */ = {isa = PBXBuildFile; fileRef = E4936BA4138E2D72009F732A /* InfoPlist.strings */; };
		E4936BA9138E2D72009F732A /* main.m in Sources */ = {isa = PBXBuildFile; fileRef = E4936BA8138E2D72009F732A /* main.m */; };
		E4936BAC138E2D72009F732A /* gamemakiAppDelegate.m in Sources */ = {isa = PBXBuildFile; fileRef = E4936BAB138E2D72009F732A /* gamemakiAppDelegate.m */; };
		E4936BAF138E2D72009F732A /* MainWindow.xib in Resources */ = {isa = PBXBuildFile; fileRef = E4936BAD138E2D72009F732A /* MainWindow.xib */; };
		E4C5AFCB138F93D300E6BD8B /* ChallengeProfileController.m in Sources */ = {isa = PBXBuildFile; fileRef = E4C5AFCA138F93D300E6BD8B /* ChallengeProfileController.m */; };
		E4DC34F3138E3BCF00E2F180 /* Default.png in Resources */ = {isa = PBXBuildFile; fileRef = E4DC34F1138E3BCF00E2F180 /* Default.png */; };
		E4DC34F4138E3BCF00E2F180 /* Default@2x.png in Resources */ = {isa = PBXBuildFile; fileRef = E4DC34F2138E3BCF00E2F180 /* Default@2x.png */; };
		E4DC34F6138E3C3000E2F180 /* Icon.png in Resources */ = {isa = PBXBuildFile; fileRef = E4DC34F5138E3C3000E2F180 /* Icon.png */; };
		E4DC34F9138E3E3F00E2F180 /* TabBarController.m in Sources */ = {isa = PBXBuildFile; fileRef = E4DC34F8138E3E3F00E2F180 /* TabBarController.m */; };
		E4DC34FC138E42E100E2F180 /* TabMenuController.m in Sources */ = {isa = PBXBuildFile; fileRef = E4DC34FB138E42E100E2F180 /* TabMenuController.m */; };
		E4DC3503138E450200E2F180 /* challenges.png in Resources */ = {isa = PBXBuildFile; fileRef = E4DC34FD138E450200E2F180 /* challenges.png */; };
		E4DC3504138E450200E2F180 /* challenges@2x.png in Resources */ = {isa = PBXBuildFile; fileRef = E4DC34FE138E450200E2F180 /* challenges@2x.png */; };
		E4DC3505138E450200E2F180 /* home.png in Resources */ = {isa = PBXBuildFile; fileRef = E4DC34FF138E450200E2F180 /* home.png */; };
		E4DC3506138E450200E2F180 /* home@2x.png in Resources */ = {isa = PBXBuildFile; fileRef = E4DC3500138E450200E2F180 /* home@2x.png */; };
		E4DC3507138E450200E2F180 /* me.png in Resources */ = {isa = PBXBuildFile; fileRef = E4DC3501138E450200E2F180 /* me.png */; };
		E4DC3508138E450200E2F180 /* me@2x.png in Resources */ = {isa = PBXBuildFile; fileRef = E4DC3502138E450200E2F180 /* me@2x.png */; };
		E4DC3515138E4A5B00E2F180 /* category_arts_culture.png in Resources */ = {isa = PBXBuildFile; fileRef = E4DC3509138E4A5B00E2F180 /* category_arts_culture.png */; };
		E4DC3516138E4A5B00E2F180 /* category_education.png in Resources */ = {isa = PBXBuildFile; fileRef = E4DC350A138E4A5B00E2F180 /* category_education.png */; };
		E4DC3517138E4A5B00E2F180 /* category_entertainment.png in Resources */ = {isa = PBXBuildFile; fileRef = E4DC350B138E4A5B00E2F180 /* category_entertainment.png */; };
		E4DC3518138E4A5B00E2F180 /* category_food_beverage.png in Resources */ = {isa = PBXBuildFile; fileRef = E4DC350C138E4A5B00E2F180 /* category_food_beverage.png */; };
		E4DC3519138E4A5B00E2F180 /* category_just_for_fun.png in Resources */ = {isa = PBXBuildFile; fileRef = E4DC350D138E4A5B00E2F180 /* category_just_for_fun.png */; };
		E4DC351A138E4A5B00E2F180 /* category_photography.png in Resources */ = {isa = PBXBuildFile; fileRef = E4DC350E138E4A5B00E2F180 /* category_photography.png */; };
		E4DC351B138E4A5B00E2F180 /* category_productivity.png in Resources */ = {isa = PBXBuildFile; fileRef = E4DC350F138E4A5B00E2F180 /* category_productivity.png */; };
		E4DC351C138E4A5B00E2F180 /* category_science_tech.png in Resources */ = {isa = PBXBuildFile; fileRef = E4DC3510138E4A5B00E2F180 /* category_science_tech.png */; };
		E4DC351D138E4A5B00E2F180 /* category_shopping.png in Resources */ = {isa = PBXBuildFile; fileRef = E4DC3511138E4A5B00E2F180 /* category_shopping.png */; };
		E4DC351E138E4A5B00E2F180 /* category_sports_fitness.png in Resources */ = {isa = PBXBuildFile; fileRef = E4DC3512138E4A5B00E2F180 /* category_sports_fitness.png */; };
		E4DC351F138E4A5B00E2F180 /* category_travel.png in Resources */ = {isa = PBXBuildFile; fileRef = E4DC3513138E4A5B00E2F180 /* category_travel.png */; };
		E4DC3520138E4A5B00E2F180 /* category_web_social.png in Resources */ = {isa = PBXBuildFile; fileRef = E4DC3514138E4A5B00E2F180 /* category_web_social.png */; };
		E4DC3523138E4AAB00E2F180 /* hot.png in Resources */ = {isa = PBXBuildFile; fileRef = E4DC3521138E4AAB00E2F180 /* hot.png */; };
		E4DC3524138E4AAB00E2F180 /* new.png in Resources */ = {isa = PBXBuildFile; fileRef = E4DC3522138E4AAB00E2F180 /* new.png */; };
		E4ED2E03138E530200BD3BC2 /* libextThree20JSON+YAJL.a in Frameworks */ = {isa = PBXBuildFile; fileRef = E4ED2E02138E530200BD3BC2 /* libextThree20JSON+YAJL.a */; };
		E4ED2EC9138E547B00BD3BC2 /* Challenge.m in Sources */ = {isa = PBXBuildFile; fileRef = E4ED2EC8138E547B00BD3BC2 /* Challenge.m */; };
		E4ED2ECC138E54A100BD3BC2 /* ChallengeFeedModel.m in Sources */ = {isa = PBXBuildFile; fileRef = E4ED2ECB138E54A100BD3BC2 /* ChallengeFeedModel.m */; };
		E4ED2ECF138E54C100BD3BC2 /* ChallengesController.m in Sources */ = {isa = PBXBuildFile; fileRef = E4ED2ECE138E54C100BD3BC2 /* ChallengesController.m */; };
		E4ED2ED2138E597000BD3BC2 /* ChallengesDataSource.m in Sources */ = {isa = PBXBuildFile; fileRef = E4ED2ED1138E597000BD3BC2 /* ChallengesDataSource.m */; };
/* End PBXBuildFile section */

/* Begin PBXContainerItemProxy section */
		3201088596B4756681693702 /* PBXContainerItemProxy */ = {
			isa = PBXContainerItemProxy;
			containerPortal = 3201088596B4756681693700 /* Three20UICommon.xcodeproj */;
			proxyType = 1;
			remoteGlobalIDString = BEF31F390F352DF5000DE5D2;
			remoteInfo = Three20UICommon;
		};
		3201088596B4756681693706 /* PBXContainerItemProxy */ = {
			isa = PBXContainerItemProxy;
			containerPortal = 3201088596B4756681693700 /* Three20UICommon.xcodeproj */;
			proxyType = 2;
			remoteGlobalIDString = BEF31F3A0F352DF5000DE5D2;
			remoteInfo = Three20UICommon;
		};
		320A2827FEC940B25BC42C62 /* PBXContainerItemProxy */ = {
			isa = PBXContainerItemProxy;
			containerPortal = 320A2827FEC940B25BC42C60 /* Three20Core.xcodeproj */;
			proxyType = 1;
			remoteGlobalIDString = BEF31F390F352DF5000DE5D2;
			remoteInfo = Three20Core;
		};
		320A2827FEC940B25BC42C66 /* PBXContainerItemProxy */ = {
			isa = PBXContainerItemProxy;
			containerPortal = 320A2827FEC940B25BC42C60 /* Three20Core.xcodeproj */;
			proxyType = 2;
			remoteGlobalIDString = BEF31F3A0F352DF5000DE5D2;
			remoteInfo = Three20Core;
		};
		320A5A189C235877202780D2 /* PBXContainerItemProxy */ = {
			isa = PBXContainerItemProxy;
			containerPortal = 320A5A189C235877202780D0 /* Three20Network.xcodeproj */;
			proxyType = 1;
			remoteGlobalIDString = BEF31F390F352DF5000DE5D2;
			remoteInfo = Three20Network;
		};
		320A5A189C235877202780D6 /* PBXContainerItemProxy */ = {
			isa = PBXContainerItemProxy;
			containerPortal = 320A5A189C235877202780D0 /* Three20Network.xcodeproj */;
			proxyType = 2;
			remoteGlobalIDString = BEF31F3A0F352DF5000DE5D2;
			remoteInfo = Three20Network;
		};
		320A737074758E53BA54BE92 /* PBXContainerItemProxy */ = {
			isa = PBXContainerItemProxy;
			containerPortal = 320A737074758E53BA54BE90 /* Three20UINavigator.xcodeproj */;
			proxyType = 1;
			remoteGlobalIDString = BEF31F390F352DF5000DE5D2;
			remoteInfo = Three20UINavigator;
		};
		320A737074758E53BA54BE96 /* PBXContainerItemProxy */ = {
			isa = PBXContainerItemProxy;
			containerPortal = 320A737074758E53BA54BE90 /* Three20UINavigator.xcodeproj */;
			proxyType = 2;
			remoteGlobalIDString = BEF31F3A0F352DF5000DE5D2;
			remoteInfo = Three20UINavigator;
		};
		320CC833B8AF0ACFD35E6222 /* PBXContainerItemProxy */ = {
			isa = PBXContainerItemProxy;
			containerPortal = 320CC833B8AF0ACFD35E6220 /* Three20Style.xcodeproj */;
			proxyType = 1;
			remoteGlobalIDString = BEF31F390F352DF5000DE5D2;
			remoteInfo = Three20Style;
		};
		320CC833B8AF0ACFD35E6226 /* PBXContainerItemProxy */ = {
			isa = PBXContainerItemProxy;
			containerPortal = 320CC833B8AF0ACFD35E6220 /* Three20Style.xcodeproj */;
			proxyType = 2;
			remoteGlobalIDString = BEF31F3A0F352DF5000DE5D2;
			remoteInfo = Three20Style;
		};
		320D7DCCE32703ACAB9A45E2 /* PBXContainerItemProxy */ = {
			isa = PBXContainerItemProxy;
			containerPortal = 320D7DCCE32703ACAB9A45E0 /* Three20.xcodeproj */;
			proxyType = 1;
			remoteGlobalIDString = BEF31F390F352DF5000DE5D2;
			remoteInfo = Three20;
		};
		320D7DCCE32703ACAB9A45E6 /* PBXContainerItemProxy */ = {
			isa = PBXContainerItemProxy;
			containerPortal = 320D7DCCE32703ACAB9A45E0 /* Three20.xcodeproj */;
			proxyType = 2;
			remoteGlobalIDString = BEF31F3A0F352DF5000DE5D2;
			remoteInfo = Three20;
		};
		320F2C48872C2E2C4DF86202 /* PBXContainerItemProxy */ = {
			isa = PBXContainerItemProxy;
			containerPortal = 320F2C48872C2E2C4DF86200 /* Three20UI.xcodeproj */;
			proxyType = 1;
			remoteGlobalIDString = BEF31F390F352DF5000DE5D2;
			remoteInfo = Three20UI;
		};
		320F2C48872C2E2C4DF86206 /* PBXContainerItemProxy */ = {
			isa = PBXContainerItemProxy;
			containerPortal = 320F2C48872C2E2C4DF86200 /* Three20UI.xcodeproj */;
			proxyType = 2;
			remoteGlobalIDString = BEF31F3A0F352DF5000DE5D2;
			remoteInfo = Three20UI;
		};
		E45A4397138E342B00076708 /* PBXContainerItemProxy */ = {
			isa = PBXContainerItemProxy;
			containerPortal = 320CC833B8AF0ACFD35E6220 /* Three20Style.xcodeproj */;
			proxyType = 2;
			remoteGlobalIDString = EB9E6C6210B6A8F800DE563C;
			remoteInfo = Three20StyleUnitTests;
		};
		E45D1EBE138E35470054E881 /* PBXContainerItemProxy */ = {
			isa = PBXContainerItemProxy;
			containerPortal = 320D7DCCE32703ACAB9A45E0 /* Three20.xcodeproj */;
			proxyType = 2;
			remoteGlobalIDString = EB9E6C6210B6A8F800DE563C;
			remoteInfo = Three20UnitTests;
		};
		E45D1EC1138E35470054E881 /* PBXContainerItemProxy */ = {
			isa = PBXContainerItemProxy;
			containerPortal = 320A2827FEC940B25BC42C60 /* Three20Core.xcodeproj */;
			proxyType = 2;
			remoteGlobalIDString = EB9E6C6210B6A8F800DE563C;
			remoteInfo = Three20CoreUnitTests;
		};
		E45D1EC6138E35470054E881 /* PBXContainerItemProxy */ = {
			isa = PBXContainerItemProxy;
			containerPortal = 320F2C48872C2E2C4DF86200 /* Three20UI.xcodeproj */;
			proxyType = 2;
			remoteGlobalIDString = EB9E6C6210B6A8F800DE563C;
			remoteInfo = Three20UIUnitTests;
		};
		E45D1EC9138E35470054E881 /* PBXContainerItemProxy */ = {
			isa = PBXContainerItemProxy;
			containerPortal = 3201088596B4756681693700 /* Three20UICommon.xcodeproj */;
			proxyType = 2;
			remoteGlobalIDString = EB9E6C6210B6A8F800DE563C;
			remoteInfo = Three20UICommonUnitTests;
		};
		E45D1ECC138E35470054E881 /* PBXContainerItemProxy */ = {
			isa = PBXContainerItemProxy;
			containerPortal = 320A737074758E53BA54BE90 /* Three20UINavigator.xcodeproj */;
			proxyType = 2;
			remoteGlobalIDString = EB9E6C6210B6A8F800DE563C;
			remoteInfo = Three20UINavigatorUnitTests;
		};
		E499F55A138E52B600C01E0B /* PBXContainerItemProxy */ = {
			isa = PBXContainerItemProxy;
			containerPortal = E499F54F138E52B600C01E0B /* extThree20JSON.xcodeproj */;
			proxyType = 2;
			remoteGlobalIDString = BEF31F3A0F352DF5000DE5D2;
			remoteInfo = "extThree20JSON+SBJSON";
		};
		E499F55C138E52B600C01E0B /* PBXContainerItemProxy */ = {
			isa = PBXContainerItemProxy;
			containerPortal = E499F54F138E52B600C01E0B /* extThree20JSON.xcodeproj */;
			proxyType = 2;
			remoteGlobalIDString = 6E645BD91187751200F08CB1;
			remoteInfo = "extThree20JSON+YAJL";
		};
		E499F55E138E52B600C01E0B /* PBXContainerItemProxy */ = {
			isa = PBXContainerItemProxy;
			containerPortal = E499F54F138E52B600C01E0B /* extThree20JSON.xcodeproj */;
			proxyType = 2;
			remoteGlobalIDString = EB9E6C6210B6A8F800DE563C;
			remoteInfo = "extThree20JSONUnitTests+SBJSON";
		};
		E4BD8A6C138E346800DDA310 /* PBXContainerItemProxy */ = {
			isa = PBXContainerItemProxy;
			containerPortal = 320A5A189C235877202780D0 /* Three20Network.xcodeproj */;
			proxyType = 2;
			remoteGlobalIDString = EB9E6C6210B6A8F800DE563C;
			remoteInfo = Three20NetworkUnitTests;
		};
		E4ED2E00138E52F600BD3BC2 /* PBXContainerItemProxy */ = {
			isa = PBXContainerItemProxy;
			containerPortal = E499F54F138E52B600C01E0B /* extThree20JSON.xcodeproj */;
			proxyType = 1;
			remoteGlobalIDString = 6E645BA31187751200F08CB1;
			remoteInfo = "extThree20JSON+YAJL";
		};
/* End PBXContainerItemProxy section */

/* Begin PBXFileReference section */
		3201088596B4756681693700 /* Three20UICommon.xcodeproj */ = {isa = PBXFileReference; lastKnownFileType = "wrapper.pb-project"; name = Three20UICommon.xcodeproj; path = ../three20/src/Three20UICommon/Three20UICommon.xcodeproj; sourceTree = SOURCE_ROOT; };
		320A2827FEC940B25BC42C60 /* Three20Core.xcodeproj */ = {isa = PBXFileReference; lastKnownFileType = "wrapper.pb-project"; name = Three20Core.xcodeproj; path = ../three20/src/Three20Core/Three20Core.xcodeproj; sourceTree = SOURCE_ROOT; };
		320A5A189C235877202780D0 /* Three20Network.xcodeproj */ = {isa = PBXFileReference; lastKnownFileType = "wrapper.pb-project"; name = Three20Network.xcodeproj; path = ../three20/src/Three20Network/Three20Network.xcodeproj; sourceTree = SOURCE_ROOT; };
		320A737074758E53BA54BE90 /* Three20UINavigator.xcodeproj */ = {isa = PBXFileReference; lastKnownFileType = "wrapper.pb-project"; name = Three20UINavigator.xcodeproj; path = ../three20/src/Three20UINavigator/Three20UINavigator.xcodeproj; sourceTree = SOURCE_ROOT; };
		320AF8492C47A4D819F7C450 /* QuartzCore.framework */ = {isa = PBXFileReference; lastKnownFileType = wrapper.framework; name = QuartzCore.framework; path = System/Library/Frameworks/QuartzCore.framework; sourceTree = SDKROOT; };
		320B6C86F11D9990244A9730 /* Three20.bundle */ = {isa = PBXFileReference; lastKnownFileType = "wrapper.plug-in"; name = Three20.bundle; path = ../three20/src/Three20.bundle; sourceTree = SOURCE_ROOT; };
		320CC833B8AF0ACFD35E6220 /* Three20Style.xcodeproj */ = {isa = PBXFileReference; lastKnownFileType = "wrapper.pb-project"; name = Three20Style.xcodeproj; path = ../three20/src/Three20Style/Three20Style.xcodeproj; sourceTree = SOURCE_ROOT; };
		320D7DCCE32703ACAB9A45E0 /* Three20.xcodeproj */ = {isa = PBXFileReference; lastKnownFileType = "wrapper.pb-project"; name = Three20.xcodeproj; path = ../three20/src/Three20/Three20.xcodeproj; sourceTree = SOURCE_ROOT; };
		320F2C48872C2E2C4DF86200 /* Three20UI.xcodeproj */ = {isa = PBXFileReference; lastKnownFileType = "wrapper.pb-project"; name = Three20UI.xcodeproj; path = ../three20/src/Three20UI/Three20UI.xcodeproj; sourceTree = SOURCE_ROOT; };
		E4936B97138E2D71009F732A /* gamemaki.app */ = {isa = PBXFileReference; explicitFileType = wrapper.application; includeInIndex = 0; path = gamemaki.app; sourceTree = BUILT_PRODUCTS_DIR; };
		E4936B9B138E2D72009F732A /* UIKit.framework */ = {isa = PBXFileReference; lastKnownFileType = wrapper.framework; name = UIKit.framework; path = System/Library/Frameworks/UIKit.framework; sourceTree = SDKROOT; };
		E4936B9D138E2D72009F732A /* Foundation.framework */ = {isa = PBXFileReference; lastKnownFileType = wrapper.framework; name = Foundation.framework; path = System/Library/Frameworks/Foundation.framework; sourceTree = SDKROOT; };
		E4936B9F138E2D72009F732A /* CoreGraphics.framework */ = {isa = PBXFileReference; lastKnownFileType = wrapper.framework; name = CoreGraphics.framework; path = System/Library/Frameworks/CoreGraphics.framework; sourceTree = SDKROOT; };
		E4936BA3138E2D72009F732A /* gamemaki-Info.plist */ = {isa = PBXFileReference; lastKnownFileType = text.plist.xml; path = "gamemaki-Info.plist"; sourceTree = "<group>"; };
		E4936BA5138E2D72009F732A /* en */ = {isa = PBXFileReference; lastKnownFileType = text.plist.strings; name = en; path = en.lproj/InfoPlist.strings; sourceTree = "<group>"; };
		E4936BA7138E2D72009F732A /* gamemaki-Prefix.pch */ = {isa = PBXFileReference; lastKnownFileType = sourcecode.c.h; path = "gamemaki-Prefix.pch"; sourceTree = "<group>"; };
		E4936BA8138E2D72009F732A /* main.m */ = {isa = PBXFileReference; lastKnownFileType = sourcecode.c.objc; path = main.m; sourceTree = "<group>"; };
		E4936BAA138E2D72009F732A /* gamemakiAppDelegate.h */ = {isa = PBXFileReference; lastKnownFileType = sourcecode.c.h; path = gamemakiAppDelegate.h; sourceTree = "<group>"; };
		E4936BAB138E2D72009F732A /* gamemakiAppDelegate.m */ = {isa = PBXFileReference; lastKnownFileType = sourcecode.c.objc; path = gamemakiAppDelegate.m; sourceTree = "<group>"; };
		E4936BAE138E2D72009F732A /* en */ = {isa = PBXFileReference; lastKnownFileType = file.xib; name = en; path = en.lproj/MainWindow.xib; sourceTree = "<group>"; };
		E499F54F138E52B600C01E0B /* extThree20JSON.xcodeproj */ = {isa = PBXFileReference; lastKnownFileType = "wrapper.pb-project"; name = extThree20JSON.xcodeproj; path = ../three20/src/extThree20JSON/extThree20JSON.xcodeproj; sourceTree = "<group>"; };
		E4C5AFC9138F93D300E6BD8B /* ChallengeProfileController.h */ = {isa = PBXFileReference; fileEncoding = 4; lastKnownFileType = sourcecode.c.h; path = ChallengeProfileController.h; sourceTree = "<group>"; };
		E4C5AFCA138F93D300E6BD8B /* ChallengeProfileController.m */ = {isa = PBXFileReference; fileEncoding = 4; lastKnownFileType = sourcecode.c.objc; path = ChallengeProfileController.m; sourceTree = "<group>"; };
		E4DC34F1138E3BCF00E2F180 /* Default.png */ = {isa = PBXFileReference; lastKnownFileType = image.png; path = Default.png; sourceTree = "<group>"; };
		E4DC34F2138E3BCF00E2F180 /* Default@2x.png */ = {isa = PBXFileReference; lastKnownFileType = image.png; path = "Default@2x.png"; sourceTree = "<group>"; };
		E4DC34F5138E3C3000E2F180 /* Icon.png */ = {isa = PBXFileReference; lastKnownFileType = image.png; path = Icon.png; sourceTree = "<group>"; };
		E4DC34F7138E3E3F00E2F180 /* TabBarController.h */ = {isa = PBXFileReference; fileEncoding = 4; lastKnownFileType = sourcecode.c.h; path = TabBarController.h; sourceTree = "<group>"; };
		E4DC34F8138E3E3F00E2F180 /* TabBarController.m */ = {isa = PBXFileReference; fileEncoding = 4; lastKnownFileType = sourcecode.c.objc; path = TabBarController.m; sourceTree = "<group>"; };
		E4DC34FA138E42E100E2F180 /* TabMenuController.h */ = {isa = PBXFileReference; fileEncoding = 4; lastKnownFileType = sourcecode.c.h; path = TabMenuController.h; sourceTree = "<group>"; };
		E4DC34FB138E42E100E2F180 /* TabMenuController.m */ = {isa = PBXFileReference; fileEncoding = 4; lastKnownFileType = sourcecode.c.objc; path = TabMenuController.m; sourceTree = "<group>"; };
		E4DC34FD138E450200E2F180 /* challenges.png */ = {isa = PBXFileReference; lastKnownFileType = image.png; path = challenges.png; sourceTree = "<group>"; };
		E4DC34FE138E450200E2F180 /* challenges@2x.png */ = {isa = PBXFileReference; lastKnownFileType = image.png; path = "challenges@2x.png"; sourceTree = "<group>"; };
		E4DC34FF138E450200E2F180 /* home.png */ = {isa = PBXFileReference; lastKnownFileType = image.png; path = home.png; sourceTree = "<group>"; };
		E4DC3500138E450200E2F180 /* home@2x.png */ = {isa = PBXFileReference; lastKnownFileType = image.png; path = "home@2x.png"; sourceTree = "<group>"; };
		E4DC3501138E450200E2F180 /* me.png */ = {isa = PBXFileReference; lastKnownFileType = image.png; path = me.png; sourceTree = "<group>"; };
		E4DC3502138E450200E2F180 /* me@2x.png */ = {isa = PBXFileReference; lastKnownFileType = image.png; path = "me@2x.png"; sourceTree = "<group>"; };
		E4DC3509138E4A5B00E2F180 /* category_arts_culture.png */ = {isa = PBXFileReference; lastKnownFileType = image.png; path = category_arts_culture.png; sourceTree = "<group>"; };
		E4DC350A138E4A5B00E2F180 /* category_education.png */ = {isa = PBXFileReference; lastKnownFileType = image.png; path = category_education.png; sourceTree = "<group>"; };
		E4DC350B138E4A5B00E2F180 /* category_entertainment.png */ = {isa = PBXFileReference; lastKnownFileType = image.png; path = category_entertainment.png; sourceTree = "<group>"; };
		E4DC350C138E4A5B00E2F180 /* category_food_beverage.png */ = {isa = PBXFileReference; lastKnownFileType = image.png; path = category_food_beverage.png; sourceTree = "<group>"; };
		E4DC350D138E4A5B00E2F180 /* category_just_for_fun.png */ = {isa = PBXFileReference; lastKnownFileType = image.png; path = category_just_for_fun.png; sourceTree = "<group>"; };
		E4DC350E138E4A5B00E2F180 /* category_photography.png */ = {isa = PBXFileReference; lastKnownFileType = image.png; path = category_photography.png; sourceTree = "<group>"; };
		E4DC350F138E4A5B00E2F180 /* category_productivity.png */ = {isa = PBXFileReference; lastKnownFileType = image.png; path = category_productivity.png; sourceTree = "<group>"; };
		E4DC3510138E4A5B00E2F180 /* category_science_tech.png */ = {isa = PBXFileReference; lastKnownFileType = image.png; path = category_science_tech.png; sourceTree = "<group>"; };
		E4DC3511138E4A5B00E2F180 /* category_shopping.png */ = {isa = PBXFileReference; lastKnownFileType = image.png; path = category_shopping.png; sourceTree = "<group>"; };
		E4DC3512138E4A5B00E2F180 /* category_sports_fitness.png */ = {isa = PBXFileReference; lastKnownFileType = image.png; path = category_sports_fitness.png; sourceTree = "<group>"; };
		E4DC3513138E4A5B00E2F180 /* category_travel.png */ = {isa = PBXFileReference; lastKnownFileType = image.png; path = category_travel.png; sourceTree = "<group>"; };
		E4DC3514138E4A5B00E2F180 /* category_web_social.png */ = {isa = PBXFileReference; lastKnownFileType = image.png; path = category_web_social.png; sourceTree = "<group>"; };
		E4DC3521138E4AAB00E2F180 /* hot.png */ = {isa = PBXFileReference; lastKnownFileType = image.png; path = hot.png; sourceTree = "<group>"; };
		E4DC3522138E4AAB00E2F180 /* new.png */ = {isa = PBXFileReference; lastKnownFileType = image.png; path = new.png; sourceTree = "<group>"; };
		E4ED2E02138E530200BD3BC2 /* libextThree20JSON+YAJL.a */ = {isa = PBXFileReference; explicitFileType = archive.ar; path = "libextThree20JSON+YAJL.a"; sourceTree = SOURCE_ROOT; };
		E4ED2EC7138E547B00BD3BC2 /* Challenge.h */ = {isa = PBXFileReference; fileEncoding = 4; lastKnownFileType = sourcecode.c.h; path = Challenge.h; sourceTree = "<group>"; };
		E4ED2EC8138E547B00BD3BC2 /* Challenge.m */ = {isa = PBXFileReference; fileEncoding = 4; lastKnownFileType = sourcecode.c.objc; path = Challenge.m; sourceTree = "<group>"; };
		E4ED2ECA138E54A100BD3BC2 /* ChallengeFeedModel.h */ = {isa = PBXFileReference; fileEncoding = 4; lastKnownFileType = sourcecode.c.h; path = ChallengeFeedModel.h; sourceTree = "<group>"; };
		E4ED2ECB138E54A100BD3BC2 /* ChallengeFeedModel.m */ = {isa = PBXFileReference; fileEncoding = 4; lastKnownFileType = sourcecode.c.objc; path = ChallengeFeedModel.m; sourceTree = "<group>"; };
		E4ED2ECD138E54C100BD3BC2 /* ChallengesController.h */ = {isa = PBXFileReference; fileEncoding = 4; lastKnownFileType = sourcecode.c.h; path = ChallengesController.h; sourceTree = "<group>"; };
		E4ED2ECE138E54C100BD3BC2 /* ChallengesController.m */ = {isa = PBXFileReference; fileEncoding = 4; lastKnownFileType = sourcecode.c.objc; path = ChallengesController.m; sourceTree = "<group>"; };
		E4ED2ED0138E597000BD3BC2 /* ChallengesDataSource.h */ = {isa = PBXFileReference; fileEncoding = 4; lastKnownFileType = sourcecode.c.h; path = ChallengesDataSource.h; sourceTree = "<group>"; };
		E4ED2ED1138E597000BD3BC2 /* ChallengesDataSource.m */ = {isa = PBXFileReference; fileEncoding = 4; lastKnownFileType = sourcecode.c.objc; path = ChallengesDataSource.m; sourceTree = "<group>"; };
/* End PBXFileReference section */

/* Begin PBXFrameworksBuildPhase section */
		E4936B94138E2D71009F732A /* Frameworks */ = {
			isa = PBXFrameworksBuildPhase;
			buildActionMask = 2147483647;
			files = (
				E4ED2E03138E530200BD3BC2 /* libextThree20JSON+YAJL.a in Frameworks */,
				3201088596B4756681693705 /* libThree20UICommon.a in Frameworks */,
				320D7DCCE32703ACAB9A45E5 /* libThree20.a in Frameworks */,
				320A737074758E53BA54BE95 /* libThree20UINavigator.a in Frameworks */,
				320A2827FEC940B25BC42C65 /* libThree20Core.a in Frameworks */,
				320F2C48872C2E2C4DF86205 /* libThree20UI.a in Frameworks */,
				320AF8492C47A4D819F7C451 /* QuartzCore.framework in Frameworks */,
				320A5A189C235877202780D5 /* libThree20Network.a in Frameworks */,
				320CC833B8AF0ACFD35E6225 /* libThree20Style.a in Frameworks */,
				E4936B9C138E2D72009F732A /* UIKit.framework in Frameworks */,
				E4936B9E138E2D72009F732A /* Foundation.framework in Frameworks */,
				E4936BA0138E2D72009F732A /* CoreGraphics.framework in Frameworks */,
			);
			runOnlyForDeploymentPostprocessing = 0;
		};
/* End PBXFrameworksBuildPhase section */

/* Begin PBXGroup section */
		3201088596B4756681693703 /* Products */ = {
			isa = PBXGroup;
			children = (
				3201088596B4756681693704 /* libThree20UICommon.a */,
				E45D1ECA138E35470054E881 /* UICommonUnitTests.octest */,
			);
			name = Products;
			sourceTree = "<group>";
		};
		320A2827FEC940B25BC42C63 /* Products */ = {
			isa = PBXGroup;
			children = (
				320A2827FEC940B25BC42C64 /* libThree20Core.a */,
				E45D1EC2138E35470054E881 /* CoreUnitTests.octest */,
			);
			name = Products;
			sourceTree = "<group>";
		};
		320A5A189C235877202780D3 /* Products */ = {
			isa = PBXGroup;
			children = (
				320A5A189C235877202780D4 /* libThree20Network.a */,
				E4BD8A6D138E346800DDA310 /* NetworkUnitTests.octest */,
			);
			name = Products;
			sourceTree = "<group>";
		};
		320A737074758E53BA54BE93 /* Products */ = {
			isa = PBXGroup;
			children = (
				320A737074758E53BA54BE94 /* libThree20UINavigator.a */,
				E45D1ECD138E35470054E881 /* UINavigatorUnitTests.octest */,
			);
			name = Products;
			sourceTree = "<group>";
		};
		320CC833B8AF0ACFD35E6223 /* Products */ = {
			isa = PBXGroup;
			children = (
				320CC833B8AF0ACFD35E6224 /* libThree20Style.a */,
				E45A4398138E342B00076708 /* StyleUnitTests.octest */,
			);
			name = Products;
			sourceTree = "<group>";
		};
		320D7DCCE32703ACAB9A45E3 /* Products */ = {
			isa = PBXGroup;
			children = (
				320D7DCCE32703ACAB9A45E4 /* libThree20.a */,
				E45D1EBF138E35470054E881 /* Three20UnitTests.octest */,
			);
			name = Products;
			sourceTree = "<group>";
		};
		320F2C48872C2E2C4DF86203 /* Products */ = {
			isa = PBXGroup;
			children = (
				320F2C48872C2E2C4DF86204 /* libThree20UI.a */,
				E45D1EC7138E35470054E881 /* UIUnitTests.octest */,
			);
			name = Products;
			sourceTree = "<group>";
		};
		43444815138E3865007AE9F4 /* Three20 */ = {
			isa = PBXGroup;
			children = (
				E499F54F138E52B600C01E0B /* extThree20JSON.xcodeproj */,
				320A5A189C235877202780D0 /* Three20Network.xcodeproj */,
				320CC833B8AF0ACFD35E6220 /* Three20Style.xcodeproj */,
				320D7DCCE32703ACAB9A45E0 /* Three20.xcodeproj */,
				320A737074758E53BA54BE90 /* Three20UINavigator.xcodeproj */,
				320A2827FEC940B25BC42C60 /* Three20Core.xcodeproj */,
				320F2C48872C2E2C4DF86200 /* Three20UI.xcodeproj */,
				3201088596B4756681693700 /* Three20UICommon.xcodeproj */,
			);
			name = Three20;
			sourceTree = "<group>";
		};
		E4936B8C138E2D71009F732A = {
			isa = PBXGroup;
			children = (
				E4ED2E02138E530200BD3BC2 /* libextThree20JSON+YAJL.a */,
				E4DC34EF138E3B9000E2F180 /* resources */,
				E4936BA1138E2D72009F732A /* gamemaki */,
				E4936B9A138E2D72009F732A /* Frameworks */,
				E4936B98138E2D71009F732A /* Products */,
			);
			sourceTree = "<group>";
		};
		E4936B98138E2D71009F732A /* Products */ = {
			isa = PBXGroup;
			children = (
				E4936B97138E2D71009F732A /* gamemaki.app */,
			);
			name = Products;
			sourceTree = "<group>";
		};
		E4936B9A138E2D72009F732A /* Frameworks */ = {
			isa = PBXGroup;
			children = (
				43444815138E3865007AE9F4 /* Three20 */,
				320AF8492C47A4D819F7C450 /* QuartzCore.framework */,
				E4936B9B138E2D72009F732A /* UIKit.framework */,
				E4936B9D138E2D72009F732A /* Foundation.framework */,
				E4936B9F138E2D72009F732A /* CoreGraphics.framework */,
			);
			name = Frameworks;
			sourceTree = "<group>";
		};
		E4936BA1138E2D72009F732A /* gamemaki */ = {
			isa = PBXGroup;
			children = (
				E4936BA2138E2D72009F732A /* Supporting Files */,
				E4ED2EC6138E546B00BD3BC2 /* Objects */,
				E4ED2ECD138E54C100BD3BC2 /* ChallengesController.h */,
				E4ED2ECE138E54C100BD3BC2 /* ChallengesController.m */,
				E4ED2ECA138E54A100BD3BC2 /* ChallengeFeedModel.h */,
				E4ED2ECB138E54A100BD3BC2 /* ChallengeFeedModel.m */,
				E4ED2ED0138E597000BD3BC2 /* ChallengesDataSource.h */,
				E4ED2ED1138E597000BD3BC2 /* ChallengesDataSource.m */,
				E4936BAA138E2D72009F732A /* gamemakiAppDelegate.h */,
				E4936BAB138E2D72009F732A /* gamemakiAppDelegate.m */,
				E4DC34F7138E3E3F00E2F180 /* TabBarController.h */,
				E4DC34F8138E3E3F00E2F180 /* TabBarController.m */,
				E4DC34FA138E42E100E2F180 /* TabMenuController.h */,
				E4DC34FB138E42E100E2F180 /* TabMenuController.m */,
				E4C5AFC9138F93D300E6BD8B /* ChallengeProfileController.h */,
				E4C5AFCA138F93D300E6BD8B /* ChallengeProfileController.m */,
			);
			path = gamemaki;
			sourceTree = "<group>";
		};
		E4936BA2138E2D72009F732A /* Supporting Files */ = {
			isa = PBXGroup;
			children = (
				320B6C86F11D9990244A9730 /* Three20.bundle */,
				E4936BA3138E2D72009F732A /* gamemaki-Info.plist */,
				E4936BA4138E2D72009F732A /* InfoPlist.strings */,
				E4936BA7138E2D72009F732A /* gamemaki-Prefix.pch */,
				E4936BA8138E2D72009F732A /* main.m */,
			);
			name = "Supporting Files";
			sourceTree = "<group>";
		};
		E499F550138E52B600C01E0B /* Products */ = {
			isa = PBXGroup;
			children = (
				E499F55B138E52B600C01E0B /* libextThree20JSON+SBJSON.a */,
				E499F55D138E52B600C01E0B /* libextThree20JSON+YAJL.a */,
				E499F55F138E52B600C01E0B /* extJSONUnitTests+SBJSON.octest */,
			);
			name = Products;
			sourceTree = "<group>";
		};
		E4DC34EF138E3B9000E2F180 /* resources */ = {
			isa = PBXGroup;
			children = (
				E4DC34F0138E3BA100E2F180 /* images */,
				E4936BAD138E2D72009F732A /* MainWindow.xib */,
			);
			name = resources;
			sourceTree = "<group>";
		};
		E4DC34F0138E3BA100E2F180 /* images */ = {
			isa = PBXGroup;
			children = (
				E4DC3509138E4A5B00E2F180 /* category_arts_culture.png */,
				E4DC350A138E4A5B00E2F180 /* category_education.png */,
				E4DC350B138E4A5B00E2F180 /* category_entertainment.png */,
				E4DC350C138E4A5B00E2F180 /* category_food_beverage.png */,
				E4DC350D138E4A5B00E2F180 /* category_just_for_fun.png */,
				E4DC350E138E4A5B00E2F180 /* category_photography.png */,
				E4DC3521138E4AAB00E2F180 /* hot.png */,
				E4DC3522138E4AAB00E2F180 /* new.png */,
				E4DC350F138E4A5B00E2F180 /* category_productivity.png */,
				E4DC3510138E4A5B00E2F180 /* category_science_tech.png */,
				E4DC3511138E4A5B00E2F180 /* category_shopping.png */,
				E4DC3512138E4A5B00E2F180 /* category_sports_fitness.png */,
				E4DC3513138E4A5B00E2F180 /* category_travel.png */,
				E4DC3514138E4A5B00E2F180 /* category_web_social.png */,
				E4DC34FD138E450200E2F180 /* challenges.png */,
				E4DC34FE138E450200E2F180 /* challenges@2x.png */,
				E4DC34FF138E450200E2F180 /* home.png */,
				E4DC3500138E450200E2F180 /* home@2x.png */,
				E4DC3501138E450200E2F180 /* me.png */,
				E4DC3502138E450200E2F180 /* me@2x.png */,
				E4DC34F5138E3C3000E2F180 /* Icon.png */,
				E4DC34F1138E3BCF00E2F180 /* Default.png */,
				E4DC34F2138E3BCF00E2F180 /* Default@2x.png */,
			);
			name = images;
			sourceTree = "<group>";
		};
		E4ED2EC6138E546B00BD3BC2 /* Objects */ = {
			isa = PBXGroup;
			children = (
				E4ED2EC7138E547B00BD3BC2 /* Challenge.h */,
				E4ED2EC8138E547B00BD3BC2 /* Challenge.m */,
			);
			name = Objects;
			sourceTree = "<group>";
		};
/* End PBXGroup section */

/* Begin PBXNativeTarget section */
		E4936B96138E2D71009F732A /* gamemaki */ = {
			isa = PBXNativeTarget;
			buildConfigurationList = E4936BB2138E2D72009F732A /* Build configuration list for PBXNativeTarget "gamemaki" */;
			buildPhases = (
				E4936B93138E2D71009F732A /* Sources */,
				E4936B94138E2D71009F732A /* Frameworks */,
				E4936B95138E2D71009F732A /* Resources */,
			);
			buildRules = (
			);
			dependencies = (
				E4ED2E01138E52F600BD3BC2 /* PBXTargetDependency */,
				3201088596B4756681693701 /* PBXTargetDependency */,
				320D7DCCE32703ACAB9A45E1 /* PBXTargetDependency */,
				320A737074758E53BA54BE91 /* PBXTargetDependency */,
				320A2827FEC940B25BC42C61 /* PBXTargetDependency */,
				320F2C48872C2E2C4DF86201 /* PBXTargetDependency */,
				320A5A189C235877202780D1 /* PBXTargetDependency */,
				320CC833B8AF0ACFD35E6221 /* PBXTargetDependency */,
			);
			name = gamemaki;
			productName = gamemaki;
			productReference = E4936B97138E2D71009F732A /* gamemaki.app */;
			productType = "com.apple.product-type.application";
		};
/* End PBXNativeTarget section */

/* Begin PBXProject section */
		E4936B8E138E2D71009F732A /* Project object */ = {
			isa = PBXProject;
			buildConfigurationList = E4936B91138E2D71009F732A /* Build configuration list for PBXProject "gamemaki" */;
			compatibilityVersion = "Xcode 3.2";
			developmentRegion = English;
			hasScannedForEncodings = 0;
			knownRegions = (
				en,
			);
			mainGroup = E4936B8C138E2D71009F732A;
			productRefGroup = E4936B98138E2D71009F732A /* Products */;
			projectDirPath = "";
			projectReferences = (
				{
					ProductGroup = E499F550138E52B600C01E0B /* Products */;
					ProjectRef = E499F54F138E52B600C01E0B /* extThree20JSON.xcodeproj */;
				},
				{
					ProductGroup = 320D7DCCE32703ACAB9A45E3 /* Products */;
					ProjectRef = 320D7DCCE32703ACAB9A45E0 /* Three20.xcodeproj */;
				},
				{
					ProductGroup = 320A2827FEC940B25BC42C63 /* Products */;
					ProjectRef = 320A2827FEC940B25BC42C60 /* Three20Core.xcodeproj */;
				},
				{
					ProductGroup = 320A5A189C235877202780D3 /* Products */;
					ProjectRef = 320A5A189C235877202780D0 /* Three20Network.xcodeproj */;
				},
				{
					ProductGroup = 320CC833B8AF0ACFD35E6223 /* Products */;
					ProjectRef = 320CC833B8AF0ACFD35E6220 /* Three20Style.xcodeproj */;
				},
				{
					ProductGroup = 320F2C48872C2E2C4DF86203 /* Products */;
					ProjectRef = 320F2C48872C2E2C4DF86200 /* Three20UI.xcodeproj */;
				},
				{
					ProductGroup = 3201088596B4756681693703 /* Products */;
					ProjectRef = 3201088596B4756681693700 /* Three20UICommon.xcodeproj */;
				},
				{
					ProductGroup = 320A737074758E53BA54BE93 /* Products */;
					ProjectRef = 320A737074758E53BA54BE90 /* Three20UINavigator.xcodeproj */;
				},
			);
			projectRoot = "";
			targets = (
				E4936B96138E2D71009F732A /* gamemaki */,
			);
		};
/* End PBXProject section */

/* Begin PBXReferenceProxy section */
		3201088596B4756681693704 /* libThree20UICommon.a */ = {
			isa = PBXReferenceProxy;
			fileType = archive.ar;
			path = libThree20UICommon.a;
			remoteRef = 3201088596B4756681693706 /* PBXContainerItemProxy */;
			sourceTree = BUILT_PRODUCTS_DIR;
		};
		320A2827FEC940B25BC42C64 /* libThree20Core.a */ = {
			isa = PBXReferenceProxy;
			fileType = archive.ar;
			path = libThree20Core.a;
			remoteRef = 320A2827FEC940B25BC42C66 /* PBXContainerItemProxy */;
			sourceTree = BUILT_PRODUCTS_DIR;
		};
		320A5A189C235877202780D4 /* libThree20Network.a */ = {
			isa = PBXReferenceProxy;
			fileType = archive.ar;
			path = libThree20Network.a;
			remoteRef = 320A5A189C235877202780D6 /* PBXContainerItemProxy */;
			sourceTree = BUILT_PRODUCTS_DIR;
		};
		320A737074758E53BA54BE94 /* libThree20UINavigator.a */ = {
			isa = PBXReferenceProxy;
			fileType = archive.ar;
			path = libThree20UINavigator.a;
			remoteRef = 320A737074758E53BA54BE96 /* PBXContainerItemProxy */;
			sourceTree = BUILT_PRODUCTS_DIR;
		};
		320CC833B8AF0ACFD35E6224 /* libThree20Style.a */ = {
			isa = PBXReferenceProxy;
			fileType = archive.ar;
			path = libThree20Style.a;
			remoteRef = 320CC833B8AF0ACFD35E6226 /* PBXContainerItemProxy */;
			sourceTree = BUILT_PRODUCTS_DIR;
		};
		320D7DCCE32703ACAB9A45E4 /* libThree20.a */ = {
			isa = PBXReferenceProxy;
			fileType = archive.ar;
			path = libThree20.a;
			remoteRef = 320D7DCCE32703ACAB9A45E6 /* PBXContainerItemProxy */;
			sourceTree = BUILT_PRODUCTS_DIR;
		};
		320F2C48872C2E2C4DF86204 /* libThree20UI.a */ = {
			isa = PBXReferenceProxy;
			fileType = archive.ar;
			path = libThree20UI.a;
			remoteRef = 320F2C48872C2E2C4DF86206 /* PBXContainerItemProxy */;
			sourceTree = BUILT_PRODUCTS_DIR;
		};
		E45A4398138E342B00076708 /* StyleUnitTests.octest */ = {
			isa = PBXReferenceProxy;
			fileType = wrapper.cfbundle;
			path = StyleUnitTests.octest;
			remoteRef = E45A4397138E342B00076708 /* PBXContainerItemProxy */;
			sourceTree = BUILT_PRODUCTS_DIR;
		};
		E45D1EBF138E35470054E881 /* Three20UnitTests.octest */ = {
			isa = PBXReferenceProxy;
			fileType = wrapper.cfbundle;
			path = Three20UnitTests.octest;
			remoteRef = E45D1EBE138E35470054E881 /* PBXContainerItemProxy */;
			sourceTree = BUILT_PRODUCTS_DIR;
		};
		E45D1EC2138E35470054E881 /* CoreUnitTests.octest */ = {
			isa = PBXReferenceProxy;
			fileType = wrapper.cfbundle;
			path = CoreUnitTests.octest;
			remoteRef = E45D1EC1138E35470054E881 /* PBXContainerItemProxy */;
			sourceTree = BUILT_PRODUCTS_DIR;
		};
		E45D1EC7138E35470054E881 /* UIUnitTests.octest */ = {
			isa = PBXReferenceProxy;
			fileType = wrapper.cfbundle;
			path = UIUnitTests.octest;
			remoteRef = E45D1EC6138E35470054E881 /* PBXContainerItemProxy */;
			sourceTree = BUILT_PRODUCTS_DIR;
		};
		E45D1ECA138E35470054E881 /* UICommonUnitTests.octest */ = {
			isa = PBXReferenceProxy;
			fileType = wrapper.cfbundle;
			path = UICommonUnitTests.octest;
			remoteRef = E45D1EC9138E35470054E881 /* PBXContainerItemProxy */;
			sourceTree = BUILT_PRODUCTS_DIR;
		};
		E45D1ECD138E35470054E881 /* UINavigatorUnitTests.octest */ = {
			isa = PBXReferenceProxy;
			fileType = wrapper.cfbundle;
			path = UINavigatorUnitTests.octest;
			remoteRef = E45D1ECC138E35470054E881 /* PBXContainerItemProxy */;
			sourceTree = BUILT_PRODUCTS_DIR;
		};
		E499F55B138E52B600C01E0B /* libextThree20JSON+SBJSON.a */ = {
			isa = PBXReferenceProxy;
			fileType = archive.ar;
			path = "libextThree20JSON+SBJSON.a";
			remoteRef = E499F55A138E52B600C01E0B /* PBXContainerItemProxy */;
			sourceTree = BUILT_PRODUCTS_DIR;
		};
		E499F55D138E52B600C01E0B /* libextThree20JSON+YAJL.a */ = {
			isa = PBXReferenceProxy;
			fileType = archive.ar;
			path = "libextThree20JSON+YAJL.a";
			remoteRef = E499F55C138E52B600C01E0B /* PBXContainerItemProxy */;
			sourceTree = BUILT_PRODUCTS_DIR;
		};
		E499F55F138E52B600C01E0B /* extJSONUnitTests+SBJSON.octest */ = {
			isa = PBXReferenceProxy;
			fileType = wrapper.cfbundle;
			path = "extJSONUnitTests+SBJSON.octest";
			remoteRef = E499F55E138E52B600C01E0B /* PBXContainerItemProxy */;
			sourceTree = BUILT_PRODUCTS_DIR;
		};
		E4BD8A6D138E346800DDA310 /* NetworkUnitTests.octest */ = {
			isa = PBXReferenceProxy;
			fileType = wrapper.cfbundle;
			path = NetworkUnitTests.octest;
			remoteRef = E4BD8A6C138E346800DDA310 /* PBXContainerItemProxy */;
			sourceTree = BUILT_PRODUCTS_DIR;
		};
/* End PBXReferenceProxy section */

/* Begin PBXResourcesBuildPhase section */
		E4936B95138E2D71009F732A /* Resources */ = {
			isa = PBXResourcesBuildPhase;
			buildActionMask = 2147483647;
			files = (
				320B6C86F11D9990244A9731 /* Three20.bundle in Resources */,
				E4936BA6138E2D72009F732A /* InfoPlist.strings in Resources */,
				E4936BAF138E2D72009F732A /* MainWindow.xib in Resources */,
				E4DC34F3138E3BCF00E2F180 /* Default.png in Resources */,
				E4DC34F4138E3BCF00E2F180 /* Default@2x.png in Resources */,
				E4DC34F6138E3C3000E2F180 /* Icon.png in Resources */,
				E4DC3503138E450200E2F180 /* challenges.png in Resources */,
				E4DC3504138E450200E2F180 /* challenges@2x.png in Resources */,
				E4DC3505138E450200E2F180 /* home.png in Resources */,
				E4DC3506138E450200E2F180 /* home@2x.png in Resources */,
				E4DC3507138E450200E2F180 /* me.png in Resources */,
				E4DC3508138E450200E2F180 /* me@2x.png in Resources */,
				E4DC3515138E4A5B00E2F180 /* category_arts_culture.png in Resources */,
				E4DC3516138E4A5B00E2F180 /* category_education.png in Resources */,
				E4DC3517138E4A5B00E2F180 /* category_entertainment.png in Resources */,
				E4DC3518138E4A5B00E2F180 /* category_food_beverage.png in Resources */,
				E4DC3519138E4A5B00E2F180 /* category_just_for_fun.png in Resources */,
				E4DC351A138E4A5B00E2F180 /* category_photography.png in Resources */,
				E4DC351B138E4A5B00E2F180 /* category_productivity.png in Resources */,
				E4DC351C138E4A5B00E2F180 /* category_science_tech.png in Resources */,
				E4DC351D138E4A5B00E2F180 /* category_shopping.png in Resources */,
				E4DC351E138E4A5B00E2F180 /* category_sports_fitness.png in Resources */,
				E4DC351F138E4A5B00E2F180 /* category_travel.png in Resources */,
				E4DC3520138E4A5B00E2F180 /* category_web_social.png in Resources */,
				E4DC3523138E4AAB00E2F180 /* hot.png in Resources */,
				E4DC3524138E4AAB00E2F180 /* new.png in Resources */,
			);
			runOnlyForDeploymentPostprocessing = 0;
		};
/* End PBXResourcesBuildPhase section */

/* Begin PBXSourcesBuildPhase section */
		E4936B93138E2D71009F732A /* Sources */ = {
			isa = PBXSourcesBuildPhase;
			buildActionMask = 2147483647;
			files = (
				E4936BA9138E2D72009F732A /* main.m in Sources */,
				E4936BAC138E2D72009F732A /* gamemakiAppDelegate.m in Sources */,
				E4DC34F9138E3E3F00E2F180 /* TabBarController.m in Sources */,
				E4DC34FC138E42E100E2F180 /* TabMenuController.m in Sources */,
				E4ED2EC9138E547B00BD3BC2 /* Challenge.m in Sources */,
				E4ED2ECC138E54A100BD3BC2 /* ChallengeFeedModel.m in Sources */,
				E4ED2ECF138E54C100BD3BC2 /* ChallengesController.m in Sources */,
				E4ED2ED2138E597000BD3BC2 /* ChallengesDataSource.m in Sources */,
				E4C5AFCB138F93D300E6BD8B /* ChallengeProfileController.m in Sources */,
			);
			runOnlyForDeploymentPostprocessing = 0;
		};
/* End PBXSourcesBuildPhase section */

/* Begin PBXTargetDependency section */
		3201088596B4756681693701 /* PBXTargetDependency */ = {
			isa = PBXTargetDependency;
			name = Three20UICommon;
			targetProxy = 3201088596B4756681693702 /* PBXContainerItemProxy */;
		};
		320A2827FEC940B25BC42C61 /* PBXTargetDependency */ = {
			isa = PBXTargetDependency;
			name = Three20Core;
			targetProxy = 320A2827FEC940B25BC42C62 /* PBXContainerItemProxy */;
		};
		320A5A189C235877202780D1 /* PBXTargetDependency */ = {
			isa = PBXTargetDependency;
			name = Three20Network;
			targetProxy = 320A5A189C235877202780D2 /* PBXContainerItemProxy */;
		};
		320A737074758E53BA54BE91 /* PBXTargetDependency */ = {
			isa = PBXTargetDependency;
			name = Three20UINavigator;
			targetProxy = 320A737074758E53BA54BE92 /* PBXContainerItemProxy */;
		};
		320CC833B8AF0ACFD35E6221 /* PBXTargetDependency */ = {
			isa = PBXTargetDependency;
			name = Three20Style;
			targetProxy = 320CC833B8AF0ACFD35E6222 /* PBXContainerItemProxy */;
		};
		320D7DCCE32703ACAB9A45E1 /* PBXTargetDependency */ = {
			isa = PBXTargetDependency;
			name = Three20;
			targetProxy = 320D7DCCE32703ACAB9A45E2 /* PBXContainerItemProxy */;
		};
		320F2C48872C2E2C4DF86201 /* PBXTargetDependency */ = {
			isa = PBXTargetDependency;
			name = Three20UI;
			targetProxy = 320F2C48872C2E2C4DF86202 /* PBXContainerItemProxy */;
		};
		E4ED2E01138E52F600BD3BC2 /* PBXTargetDependency */ = {
			isa = PBXTargetDependency;
			name = "extThree20JSON+YAJL";
			targetProxy = E4ED2E00138E52F600BD3BC2 /* PBXContainerItemProxy */;
		};
/* End PBXTargetDependency section */

/* Begin PBXVariantGroup section */
		E4936BA4138E2D72009F732A /* InfoPlist.strings */ = {
			isa = PBXVariantGroup;
			children = (
				E4936BA5138E2D72009F732A /* en */,
			);
			name = InfoPlist.strings;
			sourceTree = "<group>";
		};
		E4936BAD138E2D72009F732A /* MainWindow.xib */ = {
			isa = PBXVariantGroup;
			children = (
				E4936BAE138E2D72009F732A /* en */,
			);
			name = MainWindow.xib;
			path = gamemaki;
			sourceTree = "<group>";
		};
/* End PBXVariantGroup section */

/* Begin XCBuildConfiguration section */
		E4936BB0138E2D72009F732A /* Debug */ = {
			isa = XCBuildConfiguration;
			buildSettings = {
				ARCHS = "$(ARCHS_STANDARD_32_BIT)";
				"CODE_SIGN_IDENTITY[sdk=iphoneos*]" = "iPhone Developer";
				GCC_C_LANGUAGE_STANDARD = gnu99;
				GCC_OPTIMIZATION_LEVEL = 0;
				GCC_PREPROCESSOR_DEFINITIONS = DEBUG;
				GCC_SYMBOLS_PRIVATE_EXTERN = NO;
				GCC_VERSION = com.apple.compilers.llvmgcc42;
				GCC_WARN_ABOUT_RETURN_TYPE = YES;
				GCC_WARN_UNUSED_VARIABLE = YES;
				HEADER_SEARCH_PATHS = (
					"$(BUILT_PRODUCTS_DIR)/../three20",
					"$(BUILT_PRODUCTS_DIR)/../../three20",
					../three20/Build/Products/three20,
				);
				IPHONEOS_DEPLOYMENT_TARGET = 4.3;
				OTHER_LDFLAGS = "-ObjC";
				SDKROOT = iphoneos;
			};
			name = Debug;
		};
		E4936BB1138E2D72009F732A /* Release */ = {
			isa = XCBuildConfiguration;
			buildSettings = {
				ARCHS = "$(ARCHS_STANDARD_32_BIT)";
				"CODE_SIGN_IDENTITY[sdk=iphoneos*]" = "iPhone Developer";
				GCC_C_LANGUAGE_STANDARD = gnu99;
				GCC_VERSION = com.apple.compilers.llvmgcc42;
				GCC_WARN_ABOUT_RETURN_TYPE = YES;
				GCC_WARN_UNUSED_VARIABLE = YES;
				HEADER_SEARCH_PATHS = (
					"$(BUILT_PRODUCTS_DIR)/../three20",
					"$(BUILT_PRODUCTS_DIR)/../../three20",
					../three20/Build/Products/three20,
				);
				IPHONEOS_DEPLOYMENT_TARGET = 4.3;
				OTHER_CFLAGS = "-DNS_BLOCK_ASSERTIONS=1";
				OTHER_LDFLAGS = "-ObjC";
				SDKROOT = iphoneos;
			};
			name = Release;
		};
		E4936BB3138E2D72009F732A /* Debug */ = {
			isa = XCBuildConfiguration;
			buildSettings = {
				ALWAYS_SEARCH_USER_PATHS = NO;
				COPY_PHASE_STRIP = NO;
				GCC_DYNAMIC_NO_PIC = NO;
				GCC_PRECOMPILE_PREFIX_HEADER = YES;
				GCC_PREFIX_HEADER = "gamemaki/gamemaki-Prefix.pch";
				"HEADER_SEARCH_PATHS[arch=*]" = (
					"$(BUILT_PRODUCTS_DIR)/../three20",
					"$(BUILT_PRODUCTS_DIR)/../../three20",
					../three20/Build/Products/three20,
				);
				INFOPLIST_FILE = "gamemaki/gamemaki-Info.plist";
				LIBRARY_SEARCH_PATHS = (
					"$(inherited)",
					"\"$(SRCROOT)\"",
				);
				OTHER_LDFLAGS = (
					"-ObjC",
					"-force_load",
					"../../three20/Build/Products/$(CONFIGURATION)$(EFFECTIVE_PLATFORM_NAME)/libextThree20JSON+YAJL.a",
				);
				"OTHER_LDFLAGS[arch=*]" = "-ObjC";
				PRODUCT_NAME = "$(TARGET_NAME)";
				WRAPPER_EXTENSION = app;
			};
			name = Debug;
		};
		E4936BB4138E2D72009F732A /* Release */ = {
			isa = XCBuildConfiguration;
			buildSettings = {
				ALWAYS_SEARCH_USER_PATHS = NO;
				COPY_PHASE_STRIP = YES;
				GCC_PRECOMPILE_PREFIX_HEADER = YES;
				GCC_PREFIX_HEADER = "gamemaki/gamemaki-Prefix.pch";
				INFOPLIST_FILE = "gamemaki/gamemaki-Info.plist";
				LIBRARY_SEARCH_PATHS = (
					"$(inherited)",
					"\"$(SRCROOT)\"",
				);
				OTHER_LDFLAGS = (
					"-ObjC",
					"-force_load",
					"../../three20/Build/Products/$(CONFIGURATION)$(EFFECTIVE_PLATFORM_NAME)/libextThree20JSON+YAJL.a",
				);
				PRODUCT_NAME = "$(TARGET_NAME)";
				VALIDATE_PRODUCT = YES;
				WRAPPER_EXTENSION = app;
			};
			name = Release;
		};
/* End XCBuildConfiguration section */

/* Begin XCConfigurationList section */
		E4936B91138E2D71009F732A /* Build configuration list for PBXProject "gamemaki" */ = {
			isa = XCConfigurationList;
			buildConfigurations = (
				E4936BB0138E2D72009F732A /* Debug */,
				E4936BB1138E2D72009F732A /* Release */,
			);
			defaultConfigurationIsVisible = 0;
			defaultConfigurationName = Release;
		};
		E4936BB2138E2D72009F732A /* Build configuration list for PBXNativeTarget "gamemaki" */ = {
			isa = XCConfigurationList;
			buildConfigurations = (
				E4936BB3138E2D72009F732A /* Debug */,
				E4936BB4138E2D72009F732A /* Release */,
			);
			defaultConfigurationIsVisible = 0;
			defaultConfigurationName = Release;
		};
/* End XCConfigurationList section */
	};
	rootObject = E4936B8E138E2D71009F732A /* Project object */;
}
